
Microsoft Visual Studio Solution File, Format Version 12.00
# Visual Studio 15
VisualStudioVersion = 15.0.27703.2018
MinimumVisualStudioVersion = 10.0.40219.1
Project("{FAE04EC0-301F-11D3-BF4B-00C04F79EFBC}") = "archivoPersonas", "archivoPersonas\archivoPersonas.csproj", "{61F37A20-1FA5-42B8-BDE4-934F47703C63}"
EndProject
Project("{FAE04EC0-301F-11D3-BF4B-00C04F79EFBC}") = "Persona", "Persona\Persona.csproj", "{F36B538E-6E43-44F6-BF2F-692F91536EE6}"
EndProject
Global
	GlobalSection(SolutionConfigurationPlatforms) = preSolution
		Debug|Any CPU = Debug|Any CPU
		Release|Any CPU = Release|Any CPU
	EndGlobalSection
	GlobalSection(ProjectConfigurationPlatforms) = postSolution
		{61F37A20-1FA5-42B8-BDE4-934F47703C63}.Debug|Any CPU.ActiveCfg = Debug|Any CPU
		{61F37A20-1FA5-42B8-BDE4-934F47703C63}.Debug|Any CPU.Build.0 = Debug|Any CPU
		{61F37A20-1FA5-42B8-BDE4-934F47703C63}.Release|Any CPU.ActiveCfg = Release|Any CPU
		{61F37A20-1FA5-42B8-BDE4-934F47703C63}.Release|Any CPU.Build.0 = Release|Any CPU
		{F36B538E-6E43-44F6-BF2F-692F91536EE6}.Debug|Any CPU.ActiveCfg = Debug|Any CPU
		{F36B538E-6E43-44F6-BF2F-692F91536EE6}.Debug|Any CPU.Build.0 = Debug|Any CPU
		{F36B538E-6E43-44F6-BF2F-692F91536EE6}.Release|Any CPU.ActiveCfg = Release|Any CPU
		{F36B538E-6E43-44F6-BF2F-692F91536EE6}.Release|Any CPU.Build.0 = Release|Any CPU
	EndGlobalSection
	GlobalSection(SolutionProperties) = preSolution
		HideSolutionNode = FALSE
	EndGlobalSection
	GlobalSection(ExtensibilityGlobals) = postSolution
		SolutionGuid = {E64AFE8C-B4C5-4D61-BA2D-2EFA4F3C64DF}
	EndGlobalSection
EndGlobal
