
Microsoft Visual Studio Solution File, Format Version 12.00
# Visual Studio 15
VisualStudioVersion = 15.0.27130.2024
MinimumVisualStudioVersion = 10.0.40219.1
Project("{FAE04EC0-301F-11D3-BF4B-00C04F79EFBC}") = "Clase 8", "Clase 8\Clase 8.csproj", "{667A915E-290C-4276-A59D-3DE96C3AC309}"
EndProject
Project("{FAE04EC0-301F-11D3-BF4B-00C04F79EFBC}") = "BibliotecaEmpresa", "BibliotecaEmpresa\BibliotecaEmpresa.csproj", "{0252AE36-A0A7-4B30-81CE-6D0763AC8BC6}"
EndProject
Global
	GlobalSection(SolutionConfigurationPlatforms) = preSolution
		Debug|Any CPU = Debug|Any CPU
		Release|Any CPU = Release|Any CPU
	EndGlobalSection
	GlobalSection(ProjectConfigurationPlatforms) = postSolution
		{667A915E-290C-4276-A59D-3DE96C3AC309}.Debug|Any CPU.ActiveCfg = Debug|Any CPU
		{667A915E-290C-4276-A59D-3DE96C3AC309}.Debug|Any CPU.Build.0 = Debug|Any CPU
		{667A915E-290C-4276-A59D-3DE96C3AC309}.Release|Any CPU.ActiveCfg = Release|Any CPU
		{667A915E-290C-4276-A59D-3DE96C3AC309}.Release|Any CPU.Build.0 = Release|Any CPU
		{0252AE36-A0A7-4B30-81CE-6D0763AC8BC6}.Debug|Any CPU.ActiveCfg = Debug|Any CPU
		{0252AE36-A0A7-4B30-81CE-6D0763AC8BC6}.Debug|Any CPU.Build.0 = Debug|Any CPU
		{0252AE36-A0A7-4B30-81CE-6D0763AC8BC6}.Release|Any CPU.ActiveCfg = Release|Any CPU
		{0252AE36-A0A7-4B30-81CE-6D0763AC8BC6}.Release|Any CPU.Build.0 = Release|Any CPU
	EndGlobalSection
	GlobalSection(SolutionProperties) = preSolution
		HideSolutionNode = FALSE
	EndGlobalSection
	GlobalSection(ExtensibilityGlobals) = postSolution
		SolutionGuid = {7C0044DB-2DA7-4B07-A9EE-6B6E8E46F6A2}
	EndGlobalSection
EndGlobal
