
Microsoft Visual Studio Solution File, Format Version 12.00
# Visual Studio 15
VisualStudioVersion = 15.0.27428.2043
MinimumVisualStudioVersion = 10.0.40219.1
Project("{FAE04EC0-301F-11D3-BF4B-00C04F79EFBC}") = "Entidades", "Entidades\Entidades.csproj", "{036C753E-3E15-4BFA-B602-39B71068D2FC}"
EndProject
Project("{FAE04EC0-301F-11D3-BF4B-00C04F79EFBC}") = "Test", "Test\Test.csproj", "{2E605CB9-B22B-48C1-9C81-571F6F3C020E}"
EndProject
Global
	GlobalSection(SolutionConfigurationPlatforms) = preSolution
		Debug|Any CPU = Debug|Any CPU
		Release|Any CPU = Release|Any CPU
	EndGlobalSection
	GlobalSection(ProjectConfigurationPlatforms) = postSolution
		{036C753E-3E15-4BFA-B602-39B71068D2FC}.Debug|Any CPU.ActiveCfg = Debug|Any CPU
		{036C753E-3E15-4BFA-B602-39B71068D2FC}.Debug|Any CPU.Build.0 = Debug|Any CPU
		{036C753E-3E15-4BFA-B602-39B71068D2FC}.Release|Any CPU.ActiveCfg = Release|Any CPU
		{036C753E-3E15-4BFA-B602-39B71068D2FC}.Release|Any CPU.Build.0 = Release|Any CPU
		{2E605CB9-B22B-48C1-9C81-571F6F3C020E}.Debug|Any CPU.ActiveCfg = Debug|Any CPU
		{2E605CB9-B22B-48C1-9C81-571F6F3C020E}.Debug|Any CPU.Build.0 = Debug|Any CPU
		{2E605CB9-B22B-48C1-9C81-571F6F3C020E}.Release|Any CPU.ActiveCfg = Release|Any CPU
		{2E605CB9-B22B-48C1-9C81-571F6F3C020E}.Release|Any CPU.Build.0 = Release|Any CPU
	EndGlobalSection
	GlobalSection(SolutionProperties) = preSolution
		HideSolutionNode = FALSE
	EndGlobalSection
	GlobalSection(ExtensibilityGlobals) = postSolution
		SolutionGuid = {64448520-EE57-4A83-AE5E-A1DA3107AFA1}
	EndGlobalSection
EndGlobal
